{
  "requires": true,
  "lockfileVersion": 1,
  "dependencies": {
    "read-nth-line": {
      "version": "1.0.3",
      "resolved": "https://registry.npmjs.org/read-nth-line/-/read-nth-line-1.0.3.tgz",
      "integrity": "sha512-X0T0kJN3Y14xx/G7/MyU4n6TI9Fq6ghyPnRjQwiO/4Ox34yqXK8zcbMB/ux2+gTS21KcHi7A0P8JXOntcPpNEA=="
    }
  }
}
